
Microsoft Visual Studio Solution File, Format Version 12.00
# Visual Studio 14
VisualStudioVersion = 14.0.25123.0
MinimumVisualStudioVersion = 10.0.40219.1
Project("{FAE04EC0-301F-11D3-BF4B-00C04F79EFBC}") = "SmartSuite", "SmartSuite\SmartSuite.csproj", "{1AED805A-8999-417D-ACDE-76A8E21E7DEB}"
EndProject
Project("{FAE04EC0-301F-11D3-BF4B-00C04F79EFBC}") = "smartsuite.data", "smartsuite.data\smartsuite.data.csproj", "{E97F73D3-23AE-4FA4-A9E0-5AF91EA8FD7F}"
EndProject
Project("{FAE04EC0-301F-11D3-BF4B-00C04F79EFBC}") = "smartsuite.model", "smartsuite.model\smartsuite.model.csproj", "{873A2AE4-8EA9-472B-BDF2-71EEA2534E89}"
EndProject
Project("{FAE04EC0-301F-11D3-BF4B-00C04F79EFBC}") = "smartsuite.bussinesLogic", "smartsuite.bussinesLogic\smartsuite.bussinesLogic.csproj", "{8D5AA987-A8B5-42DA-9146-0660D3395F47}"
EndProject
Global
	GlobalSection(SolutionConfigurationPlatforms) = preSolution
		Debug|Any CPU = Debug|Any CPU
		Release|Any CPU = Release|Any CPU
	EndGlobalSection
	GlobalSection(ProjectConfigurationPlatforms) = postSolution
		{1AED805A-8999-417D-ACDE-76A8E21E7DEB}.Debug|Any CPU.ActiveCfg = Debug|Any CPU
		{1AED805A-8999-417D-ACDE-76A8E21E7DEB}.Debug|Any CPU.Build.0 = Debug|Any CPU
		{1AED805A-8999-417D-ACDE-76A8E21E7DEB}.Release|Any CPU.ActiveCfg = Release|Any CPU
		{1AED805A-8999-417D-ACDE-76A8E21E7DEB}.Release|Any CPU.Build.0 = Release|Any CPU
		{E97F73D3-23AE-4FA4-A9E0-5AF91EA8FD7F}.Debug|Any CPU.ActiveCfg = Debug|Any CPU
		{E97F73D3-23AE-4FA4-A9E0-5AF91EA8FD7F}.Debug|Any CPU.Build.0 = Debug|Any CPU
		{E97F73D3-23AE-4FA4-A9E0-5AF91EA8FD7F}.Release|Any CPU.ActiveCfg = Release|Any CPU
		{E97F73D3-23AE-4FA4-A9E0-5AF91EA8FD7F}.Release|Any CPU.Build.0 = Release|Any CPU
		{873A2AE4-8EA9-472B-BDF2-71EEA2534E89}.Debug|Any CPU.ActiveCfg = Debug|Any CPU
		{873A2AE4-8EA9-472B-BDF2-71EEA2534E89}.Debug|Any CPU.Build.0 = Debug|Any CPU
		{873A2AE4-8EA9-472B-BDF2-71EEA2534E89}.Release|Any CPU.ActiveCfg = Release|Any CPU
		{873A2AE4-8EA9-472B-BDF2-71EEA2534E89}.Release|Any CPU.Build.0 = Release|Any CPU
		{8D5AA987-A8B5-42DA-9146-0660D3395F47}.Debug|Any CPU.ActiveCfg = Debug|Any CPU
		{8D5AA987-A8B5-42DA-9146-0660D3395F47}.Debug|Any CPU.Build.0 = Debug|Any CPU
		{8D5AA987-A8B5-42DA-9146-0660D3395F47}.Release|Any CPU.ActiveCfg = Release|Any CPU
		{8D5AA987-A8B5-42DA-9146-0660D3395F47}.Release|Any CPU.Build.0 = Release|Any CPU
	EndGlobalSection
	GlobalSection(SolutionProperties) = preSolution
		HideSolutionNode = FALSE
	EndGlobalSection
EndGlobal
